// !$*UTF8*$!
{
	archiveVersion = 1;
	classes = {
	};
	objectVersion = 48;
	objects = {

/* Begin PBXBuildFile section */
		694DD0C02443403200B682A1 /* AppDelegate.swift in Sources */ = {isa = PBXBuildFile; fileRef = 694DD0BF2443403200B682A1 /* AppDelegate.swift */; };
		694DD0C72443403200B682A1 /* Assets.xcassets in Resources */ = {isa = PBXBuildFile; fileRef = 694DD0C62443403200B682A1 /* Assets.xcassets */; };
		694DD0CA2443403200B682A1 /* LaunchScreen.storyboard in Resources */ = {isa = PBXBuildFile; fileRef = 694DD0C82443403200B682A1 /* LaunchScreen.storyboard */; };
		694DD0D52443403200B682A1 /* MyBMIAppTests.swift in Sources */ = {isa = PBXBuildFile; fileRef = 694DD0D42443403200B682A1 /* MyBMIAppTests.swift */; };
		694DD0E02443403200B682A1 /* MyBMIAppUITests.swift in Sources */ = {isa = PBXBuildFile; fileRef = 694DD0DF2443403200B682A1 /* MyBMIAppUITests.swift */; };
		694DD0EE244340C200B682A1 /* MainTabController.swift in Sources */ = {isa = PBXBuildFile; fileRef = 694DD0ED244340C200B682A1 /* MainTabController.swift */; };
		694DD0F0244341A600B682A1 /* EditViewController.swift in Sources */ = {isa = PBXBuildFile; fileRef = 694DD0EF244341A600B682A1 /* EditViewController.swift */; };
		694DD0F2244341B300B682A1 /* HistoryViewController.swift in Sources */ = {isa = PBXBuildFile; fileRef = 694DD0F1244341B300B682A1 /* HistoryViewController.swift */; };
		694DD0F62444453A00B682A1 /* InputView.xib in Resources */ = {isa = PBXBuildFile; fileRef = 694DD0F52444453A00B682A1 /* InputView.xib */; };
		694DD0F82444465100B682A1 /* InputView.swift in Sources */ = {isa = PBXBuildFile; fileRef = 694DD0F72444465100B682A1 /* InputView.swift */; };
		69906C502467D0D2001C23BC /* Realm.framework in Frameworks */ = {isa = PBXBuildFile; fileRef = 69906C4E2467D0D2001C23BC /* Realm.framework */; };
		69906C512467D0D2001C23BC /* Realm.framework in Embed Frameworks */ = {isa = PBXBuildFile; fileRef = 69906C4E2467D0D2001C23BC /* Realm.framework */; settings = {ATTRIBUTES = (CodeSignOnCopy, RemoveHeadersOnCopy, ); }; };
		69906C522467D0D2001C23BC /* RealmSwift.framework in Frameworks */ = {isa = PBXBuildFile; fileRef = 69906C4F2467D0D2001C23BC /* RealmSwift.framework */; };
		69906C532467D0D2001C23BC /* RealmSwift.framework in Embed Frameworks */ = {isa = PBXBuildFile; fileRef = 69906C4F2467D0D2001C23BC /* RealmSwift.framework */; settings = {ATTRIBUTES = (CodeSignOnCopy, RemoveHeadersOnCopy, ); }; };
		6997594D245D633D008D5287 /* UserInfo.swift in Sources */ = {isa = PBXBuildFile; fileRef = 6997594C245D633D008D5287 /* UserInfo.swift */; };
		69B7798B247284DC0047CD17 /* HistoryItem.swift in Sources */ = {isa = PBXBuildFile; fileRef = 69B77989247284DC0047CD17 /* HistoryItem.swift */; };
		69B7798C247284DC0047CD17 /* HistoryItem.xib in Resources */ = {isa = PBXBuildFile; fileRef = 69B7798A247284DC0047CD17 /* HistoryItem.xib */; };
/* End PBXBuildFile section */

/* Begin PBXContainerItemProxy section */
		694DD0D12443403200B682A1 /* PBXContainerItemProxy */ = {
			isa = PBXContainerItemProxy;
			containerPortal = 694DD0B42443403100B682A1 /* Project object */;
			proxyType = 1;
			remoteGlobalIDString = 694DD0BB2443403200B682A1;
			remoteInfo = MyBMIApp;
		};
		694DD0DC2443403200B682A1 /* PBXContainerItemProxy */ = {
			isa = PBXContainerItemProxy;
			containerPortal = 694DD0B42443403100B682A1 /* Project object */;
			proxyType = 1;
			remoteGlobalIDString = 694DD0BB2443403200B682A1;
			remoteInfo = MyBMIApp;
		};
/* End PBXContainerItemProxy section */

/* Begin PBXCopyFilesBuildPhase section */
		69906C542467D0D2001C23BC /* Embed Frameworks */ = {
			isa = PBXCopyFilesBuildPhase;
			buildActionMask = 2147483647;
			dstPath = "";
			dstSubfolderSpec = 10;
			files = (
				69906C532467D0D2001C23BC /* RealmSwift.framework in Embed Frameworks */,
				69906C512467D0D2001C23BC /* Realm.framework in Embed Frameworks */,
			);
			name = "Embed Frameworks";
			runOnlyForDeploymentPostprocessing = 0;
		};
/* End PBXCopyFilesBuildPhase section */

/* Begin PBXFileReference section */
		694DD0BC2443403200B682A1 /* MyBMIApp.app */ = {isa = PBXFileReference; explicitFileType = wrapper.application; includeInIndex = 0; path = MyBMIApp.app; sourceTree = BUILT_PRODUCTS_DIR; };
		694DD0BF2443403200B682A1 /* AppDelegate.swift */ = {isa = PBXFileReference; lastKnownFileType = sourcecode.swift; path = AppDelegate.swift; sourceTree = "<group>"; };
		694DD0C62443403200B682A1 /* Assets.xcassets */ = {isa = PBXFileReference; lastKnownFileType = folder.assetcatalog; path = Assets.xcassets; sourceTree = "<group>"; };
		694DD0C92443403200B682A1 /* Base */ = {isa = PBXFileReference; lastKnownFileType = file.storyboard; name = Base; path = Base.lproj/LaunchScreen.storyboard; sourceTree = "<group>"; };
		694DD0CB2443403200B682A1 /* Info.plist */ = {isa = PBXFileReference; lastKnownFileType = text.plist.xml; path = Info.plist; sourceTree = "<group>"; };
		694DD0D02443403200B682A1 /* MyBMIAppTests.xctest */ = {isa = PBXFileReference; explicitFileType = wrapper.cfbundle; includeInIndex = 0; path = MyBMIAppTests.xctest; sourceTree = BUILT_PRODUCTS_DIR; };
		694DD0D42443403200B682A1 /* MyBMIAppTests.swift */ = {isa = PBXFileReference; lastKnownFileType = sourcecode.swift; path = MyBMIAppTests.swift; sourceTree = "<group>"; };
		694DD0D62443403200B682A1 /* Info.plist */ = {isa = PBXFileReference; lastKnownFileType = text.plist.xml; path = Info.plist; sourceTree = "<group>"; };
		694DD0DB2443403200B682A1 /* MyBMIAppUITests.xctest */ = {isa = PBXFileReference; explicitFileType = wrapper.cfbundle; includeInIndex = 0; path = MyBMIAppUITests.xctest; sourceTree = BUILT_PRODUCTS_DIR; };
		694DD0DF2443403200B682A1 /* MyBMIAppUITests.swift */ = {isa = PBXFileReference; lastKnownFileType = sourcecode.swift; path = MyBMIAppUITests.swift; sourceTree = "<group>"; };
		694DD0E12443403200B682A1 /* Info.plist */ = {isa = PBXFileReference; lastKnownFileType = text.plist.xml; path = Info.plist; sourceTree = "<group>"; };
		694DD0ED244340C200B682A1 /* MainTabController.swift */ = {isa = PBXFileReference; lastKnownFileType = sourcecode.swift; path = MainTabController.swift; sourceTree = "<group>"; };
		694DD0EF244341A600B682A1 /* EditViewController.swift */ = {isa = PBXFileReference; lastKnownFileType = sourcecode.swift; path = EditViewController.swift; sourceTree = "<group>"; };
		694DD0F1244341B300B682A1 /* HistoryViewController.swift */ = {isa = PBXFileReference; lastKnownFileType = sourcecode.swift; path = HistoryViewController.swift; sourceTree = "<group>"; };
		694DD0F52444453A00B682A1 /* InputView.xib */ = {isa = PBXFileReference; lastKnownFileType = file.xib; path = InputView.xib; sourceTree = "<group>"; };
		694DD0F72444465100B682A1 /* InputView.swift */ = {isa = PBXFileReference; lastKnownFileType = sourcecode.swift; path = InputView.swift; sourceTree = "<group>"; };
		69906C4E2467D0D2001C23BC /* Realm.framework */ = {isa = PBXFileReference; lastKnownFileType = wrapper.framework; name = Realm.framework; path = Carthage/Build/iOS/Realm.framework; sourceTree = "<group>"; };
		69906C4F2467D0D2001C23BC /* RealmSwift.framework */ = {isa = PBXFileReference; lastKnownFileType = wrapper.framework; name = RealmSwift.framework; path = Carthage/Build/iOS/RealmSwift.framework; sourceTree = "<group>"; };
		6997594C245D633D008D5287 /* UserInfo.swift */ = {isa = PBXFileReference; lastKnownFileType = sourcecode.swift; path = UserInfo.swift; sourceTree = "<group>"; };
		69B77989247284DC0047CD17 /* HistoryItem.swift */ = {isa = PBXFileReference; lastKnownFileType = sourcecode.swift; path = HistoryItem.swift; sourceTree = "<group>"; };
		69B7798A247284DC0047CD17 /* HistoryItem.xib */ = {isa = PBXFileReference; lastKnownFileType = file.xib; path = HistoryItem.xib; sourceTree = "<group>"; };
/* End PBXFileReference section */

/* Begin PBXFrameworksBuildPhase section */
		694DD0B92443403200B682A1 /* Frameworks */ = {
			isa = PBXFrameworksBuildPhase;
			buildActionMask = 2147483647;
			files = (
				69906C522467D0D2001C23BC /* RealmSwift.framework in Frameworks */,
				69906C502467D0D2001C23BC /* Realm.framework in Frameworks */,
			);
			runOnlyForDeploymentPostprocessing = 0;
		};
		694DD0CD2443403200B682A1 /* Frameworks */ = {
			isa = PBXFrameworksBuildPhase;
			buildActionMask = 2147483647;
			files = (
			);
			runOnlyForDeploymentPostprocessing = 0;
		};
		694DD0D82443403200B682A1 /* Frameworks */ = {
			isa = PBXFrameworksBuildPhase;
			buildActionMask = 2147483647;
			files = (
			);
			runOnlyForDeploymentPostprocessing = 0;
		};
/* End PBXFrameworksBuildPhase section */

/* Begin PBXGroup section */
		694DD0B32443403100B682A1 = {
			isa = PBXGroup;
			children = (
				694DD0BE2443403200B682A1 /* MyBMIApp */,
				694DD0D32443403200B682A1 /* MyBMIAppTests */,
				694DD0DE2443403200B682A1 /* MyBMIAppUITests */,
				694DD0BD2443403200B682A1 /* Products */,
				69906C4D2467D0D2001C23BC /* Frameworks */,
			);
			sourceTree = "<group>";
		};
		694DD0BD2443403200B682A1 /* Products */ = {
			isa = PBXGroup;
			children = (
				694DD0BC2443403200B682A1 /* MyBMIApp.app */,
				694DD0D02443403200B682A1 /* MyBMIAppTests.xctest */,
				694DD0DB2443403200B682A1 /* MyBMIAppUITests.xctest */,
			);
			name = Products;
			sourceTree = "<group>";
		};
		694DD0BE2443403200B682A1 /* MyBMIApp */ = {
			isa = PBXGroup;
			children = (
				6997594B245D60A2008D5287 /* data */,
				694DD0ED244340C200B682A1 /* MainTabController.swift */,
				694DD0FF244C253100B682A1 /* input */,
				694DD0FC244C24BE00B682A1 /* history */,
				694DD0BF2443403200B682A1 /* AppDelegate.swift */,
				694DD0C62443403200B682A1 /* Assets.xcassets */,
				694DD0C82443403200B682A1 /* LaunchScreen.storyboard */,
				694DD0CB2443403200B682A1 /* Info.plist */,
			);
			path = MyBMIApp;
			sourceTree = "<group>";
		};
		694DD0D32443403200B682A1 /* MyBMIAppTests */ = {
			isa = PBXGroup;
			children = (
				694DD0D42443403200B682A1 /* MyBMIAppTests.swift */,
				694DD0D62443403200B682A1 /* Info.plist */,
			);
			path = MyBMIAppTests;
			sourceTree = "<group>";
		};
		694DD0DE2443403200B682A1 /* MyBMIAppUITests */ = {
			isa = PBXGroup;
			children = (
				694DD0DF2443403200B682A1 /* MyBMIAppUITests.swift */,
				694DD0E12443403200B682A1 /* Info.plist */,
			);
			path = MyBMIAppUITests;
			sourceTree = "<group>";
		};
		694DD0FC244C24BE00B682A1 /* history */ = {
			isa = PBXGroup;
			children = (
				69B77988247284130047CD17 /* xib */,
				694DD0F1244341B300B682A1 /* HistoryViewController.swift */,
			);
			path = history;
			sourceTree = "<group>";
		};
		694DD0FF244C253100B682A1 /* input */ = {
			isa = PBXGroup;
			children = (
				694DD100244C254700B682A1 /* xib */,
				694DD0EF244341A600B682A1 /* EditViewController.swift */,
			);
			path = input;
			sourceTree = "<group>";
		};
		694DD100244C254700B682A1 /* xib */ = {
			isa = PBXGroup;
			children = (
				694DD0F52444453A00B682A1 /* InputView.xib */,
				694DD0F72444465100B682A1 /* InputView.swift */,
			);
			path = xib;
			sourceTree = "<group>";
		};
		69906C4D2467D0D2001C23BC /* Frameworks */ = {
			isa = PBXGroup;
			children = (
				69906C4E2467D0D2001C23BC /* Realm.framework */,
				69906C4F2467D0D2001C23BC /* RealmSwift.framework */,
			);
			name = Frameworks;
			sourceTree = "<group>";
		};
		6997594B245D60A2008D5287 /* data */ = {
			isa = PBXGroup;
			children = (
				6997594C245D633D008D5287 /* UserInfo.swift */,
			);
			path = data;
			sourceTree = "<group>";
		};
		69B77988247284130047CD17 /* xib */ = {
			isa = PBXGroup;
			children = (
				69B77989247284DC0047CD17 /* HistoryItem.swift */,
				69B7798A247284DC0047CD17 /* HistoryItem.xib */,
			);
			path = xib;
			sourceTree = "<group>";
		};
/* End PBXGroup section */

/* Begin PBXNativeTarget section */
		694DD0BB2443403200B682A1 /* MyBMIApp */ = {
			isa = PBXNativeTarget;
			buildConfigurationList = 694DD0E42443403200B682A1 /* Build configuration list for PBXNativeTarget "MyBMIApp" */;
			buildPhases = (
				694DD0B82443403200B682A1 /* Sources */,
				694DD0B92443403200B682A1 /* Frameworks */,
				694DD0BA2443403200B682A1 /* Resources */,
				69906C542467D0D2001C23BC /* Embed Frameworks */,
			);
			buildRules = (
			);
			dependencies = (
			);
			name = MyBMIApp;
			productName = MyBMIApp;
			productReference = 694DD0BC2443403200B682A1 /* MyBMIApp.app */;
			productType = "com.apple.product-type.application";
		};
		694DD0CF2443403200B682A1 /* MyBMIAppTests */ = {
			isa = PBXNativeTarget;
			buildConfigurationList = 694DD0E72443403200B682A1 /* Build configuration list for PBXNativeTarget "MyBMIAppTests" */;
			buildPhases = (
				694DD0CC2443403200B682A1 /* Sources */,
				694DD0CD2443403200B682A1 /* Frameworks */,
				694DD0CE2443403200B682A1 /* Resources */,
			);
			buildRules = (
			);
			dependencies = (
				694DD0D22443403200B682A1 /* PBXTargetDependency */,
			);
			name = MyBMIAppTests;
			productName = MyBMIAppTests;
			productReference = 694DD0D02443403200B682A1 /* MyBMIAppTests.xctest */;
			productType = "com.apple.product-type.bundle.unit-test";
		};
		694DD0DA2443403200B682A1 /* MyBMIAppUITests */ = {
			isa = PBXNativeTarget;
			buildConfigurationList = 694DD0EA2443403200B682A1 /* Build configuration list for PBXNativeTarget "MyBMIAppUITests" */;
			buildPhases = (
				694DD0D72443403200B682A1 /* Sources */,
				694DD0D82443403200B682A1 /* Frameworks */,
				694DD0D92443403200B682A1 /* Resources */,
			);
			buildRules = (
			);
			dependencies = (
				694DD0DD2443403200B682A1 /* PBXTargetDependency */,
			);
			name = MyBMIAppUITests;
			productName = MyBMIAppUITests;
			productReference = 694DD0DB2443403200B682A1 /* MyBMIAppUITests.xctest */;
			productType = "com.apple.product-type.bundle.ui-testing";
		};
/* End PBXNativeTarget section */

/* Begin PBXProject section */
		694DD0B42443403100B682A1 /* Project object */ = {
			isa = PBXProject;
			attributes = {
				LastSwiftUpdateCheck = 0920;
				LastUpgradeCheck = 0920;
				ORGANIZATIONNAME = "佐藤秀樹";
				TargetAttributes = {
					694DD0BB2443403200B682A1 = {
						CreatedOnToolsVersion = 9.2;
						ProvisioningStyle = Automatic;
					};
					694DD0CF2443403200B682A1 = {
						CreatedOnToolsVersion = 9.2;
						ProvisioningStyle = Automatic;
						TestTargetID = 694DD0BB2443403200B682A1;
					};
					694DD0DA2443403200B682A1 = {
						CreatedOnToolsVersion = 9.2;
						ProvisioningStyle = Automatic;
						TestTargetID = 694DD0BB2443403200B682A1;
					};
				};
			};
			buildConfigurationList = 694DD0B72443403100B682A1 /* Build configuration list for PBXProject "MyBMIApp" */;
			compatibilityVersion = "Xcode 8.0";
			developmentRegion = en;
			hasScannedForEncodings = 0;
			knownRegions = (
				en,
				Base,
			);
			mainGroup = 694DD0B32443403100B682A1;
			productRefGroup = 694DD0BD2443403200B682A1 /* Products */;
			projectDirPath = "";
			projectRoot = "";
			targets = (
				694DD0BB2443403200B682A1 /* MyBMIApp */,
				694DD0CF2443403200B682A1 /* MyBMIAppTests */,
				694DD0DA2443403200B682A1 /* MyBMIAppUITests */,
			);
		};
/* End PBXProject section */

/* Begin PBXResourcesBuildPhase section */
		694DD0BA2443403200B682A1 /* Resources */ = {
			isa = PBXResourcesBuildPhase;
			buildActionMask = 2147483647;
			files = (
				694DD0CA2443403200B682A1 /* LaunchScreen.storyboard in Resources */,
				69B7798C247284DC0047CD17 /* HistoryItem.xib in Resources */,
				694DD0C72443403200B682A1 /* Assets.xcassets in Resources */,
				694DD0F62444453A00B682A1 /* InputView.xib in Resources */,
			);
			runOnlyForDeploymentPostprocessing = 0;
		};
		694DD0CE2443403200B682A1 /* Resources */ = {
			isa = PBXResourcesBuildPhase;
			buildActionMask = 2147483647;
			files = (
			);
			runOnlyForDeploymentPostprocessing = 0;
		};
		694DD0D92443403200B682A1 /* Resources */ = {
			isa = PBXResourcesBuildPhase;
			buildActionMask = 2147483647;
			files = (
			);
			runOnlyForDeploymentPostprocessing = 0;
		};
/* End PBXResourcesBuildPhase section */

/* Begin PBXSourcesBuildPhase section */
		694DD0B82443403200B682A1 /* Sources */ = {
			isa = PBXSourcesBuildPhase;
			buildActionMask = 2147483647;
			files = (
				694DD0C02443403200B682A1 /* AppDelegate.swift in Sources */,
				694DD0EE244340C200B682A1 /* MainTabController.swift in Sources */,
				69B7798B247284DC0047CD17 /* HistoryItem.swift in Sources */,
				694DD0F82444465100B682A1 /* InputView.swift in Sources */,
				694DD0F2244341B300B682A1 /* HistoryViewController.swift in Sources */,
				6997594D245D633D008D5287 /* UserInfo.swift in Sources */,
				694DD0F0244341A600B682A1 /* EditViewController.swift in Sources */,
			);
			runOnlyForDeploymentPostprocessing = 0;
		};
		694DD0CC2443403200B682A1 /* Sources */ = {
			isa = PBXSourcesBuildPhase;
			buildActionMask = 2147483647;
			files = (
				694DD0D52443403200B682A1 /* MyBMIAppTests.swift in Sources */,
			);
			runOnlyForDeploymentPostprocessing = 0;
		};
		694DD0D72443403200B682A1 /* Sources */ = {
			isa = PBXSourcesBuildPhase;
			buildActionMask = 2147483647;
			files = (
				694DD0E02443403200B682A1 /* MyBMIAppUITests.swift in Sources */,
			);
			runOnlyForDeploymentPostprocessing = 0;
		};
/* End PBXSourcesBuildPhase section */

/* Begin PBXTargetDependency section */
		694DD0D22443403200B682A1 /* PBXTargetDependency */ = {
			isa = PBXTargetDependency;
			target = 694DD0BB2443403200B682A1 /* MyBMIApp */;
			targetProxy = 694DD0D12443403200B682A1 /* PBXContainerItemProxy */;
		};
		694DD0DD2443403200B682A1 /* PBXTargetDependency */ = {
			isa = PBXTargetDependency;
			target = 694DD0BB2443403200B682A1 /* MyBMIApp */;
			targetProxy = 694DD0DC2443403200B682A1 /* PBXContainerItemProxy */;
		};
/* End PBXTargetDependency section */

/* Begin PBXVariantGroup section */
		694DD0C82443403200B682A1 /* LaunchScreen.storyboard */ = {
			isa = PBXVariantGroup;
			children = (
				694DD0C92443403200B682A1 /* Base */,
			);
			name = LaunchScreen.storyboard;
			sourceTree = "<group>";
		};
/* End PBXVariantGroup section */

/* Begin XCBuildConfiguration section */
		694DD0E22443403200B682A1 /* Debug */ = {
			isa = XCBuildConfiguration;
			buildSettings = {
				ALWAYS_SEARCH_USER_PATHS = NO;
				CLANG_ANALYZER_NONNULL = YES;
				CLANG_ANALYZER_NUMBER_OBJECT_CONVERSION = YES_AGGRESSIVE;
				CLANG_CXX_LANGUAGE_STANDARD = "gnu++14";
				CLANG_CXX_LIBRARY = "libc++";
				CLANG_ENABLE_MODULES = YES;
				CLANG_ENABLE_OBJC_ARC = YES;
				CLANG_WARN_BLOCK_CAPTURE_AUTORELEASING = YES;
				CLANG_WARN_BOOL_CONVERSION = YES;
				CLANG_WARN_COMMA = YES;
				CLANG_WARN_CONSTANT_CONVERSION = YES;
				CLANG_WARN_DIRECT_OBJC_ISA_USAGE = YES_ERROR;
				CLANG_WARN_DOCUMENTATION_COMMENTS = YES;
				CLANG_WARN_EMPTY_BODY = YES;
				CLANG_WARN_ENUM_CONVERSION = YES;
				CLANG_WARN_INFINITE_RECURSION = YES;
				CLANG_WARN_INT_CONVERSION = YES;
				CLANG_WARN_NON_LITERAL_NULL_CONVERSION = YES;
				CLANG_WARN_OBJC_LITERAL_CONVERSION = YES;
				CLANG_WARN_OBJC_ROOT_CLASS = YES_ERROR;
				CLANG_WARN_RANGE_LOOP_ANALYSIS = YES;
				CLANG_WARN_STRICT_PROTOTYPES = YES;
				CLANG_WARN_SUSPICIOUS_MOVE = YES;
				CLANG_WARN_UNGUARDED_AVAILABILITY = YES_AGGRESSIVE;
				CLANG_WARN_UNREACHABLE_CODE = YES;
				CLANG_WARN__DUPLICATE_METHOD_MATCH = YES;
				CODE_SIGN_IDENTITY = "iPhone Developer";
				COPY_PHASE_STRIP = NO;
				DEBUG_INFORMATION_FORMAT = dwarf;
				ENABLE_STRICT_OBJC_MSGSEND = YES;
				ENABLE_TESTABILITY = YES;
				GCC_C_LANGUAGE_STANDARD = gnu11;
				GCC_DYNAMIC_NO_PIC = NO;
				GCC_NO_COMMON_BLOCKS = YES;
				GCC_OPTIMIZATION_LEVEL = 0;
				GCC_PREPROCESSOR_DEFINITIONS = (
					"DEBUG=1",
					"$(inherited)",
				);
				GCC_WARN_64_TO_32_BIT_CONVERSION = YES;
				GCC_WARN_ABOUT_RETURN_TYPE = YES_ERROR;
				GCC_WARN_UNDECLARED_SELECTOR = YES;
				GCC_WARN_UNINITIALIZED_AUTOS = YES_AGGRESSIVE;
				GCC_WARN_UNUSED_FUNCTION = YES;
				GCC_WARN_UNUSED_VARIABLE = YES;
				IPHONEOS_DEPLOYMENT_TARGET = 11.2;
				MTL_ENABLE_DEBUG_INFO = YES;
				ONLY_ACTIVE_ARCH = YES;
				SDKROOT = iphoneos;
				SWIFT_ACTIVE_COMPILATION_CONDITIONS = DEBUG;
				SWIFT_OPTIMIZATION_LEVEL = "-Onone";
			};
			name = Debug;
		};
		694DD0E32443403200B682A1 /* Release */ = {
			isa = XCBuildConfiguration;
			buildSettings = {
				ALWAYS_SEARCH_USER_PATHS = NO;
				CLANG_ANALYZER_NONNULL = YES;
				CLANG_ANALYZER_NUMBER_OBJECT_CONVERSION = YES_AGGRESSIVE;
				CLANG_CXX_LANGUAGE_STANDARD = "gnu++14";
				CLANG_CXX_LIBRARY = "libc++";
				CLANG_ENABLE_MODULES = YES;
				CLANG_ENABLE_OBJC_ARC = YES;
				CLANG_WARN_BLOCK_CAPTURE_AUTORELEASING = YES;
				CLANG_WARN_BOOL_CONVERSION = YES;
				CLANG_WARN_COMMA = YES;
				CLANG_WARN_CONSTANT_CONVERSION = YES;
				CLANG_WARN_DIRECT_OBJC_ISA_USAGE = YES_ERROR;
				CLANG_WARN_DOCUMENTATION_COMMENTS = YES;
				CLANG_WARN_EMPTY_BODY = YES;
				CLANG_WARN_ENUM_CONVERSION = YES;
				CLANG_WARN_INFINITE_RECURSION = YES;
				CLANG_WARN_INT_CONVERSION = YES;
				CLANG_WARN_NON_LITERAL_NULL_CONVERSION = YES;
				CLANG_WARN_OBJC_LITERAL_CONVERSION = YES;
				CLANG_WARN_OBJC_ROOT_CLASS = YES_ERROR;
				CLANG_WARN_RANGE_LOOP_ANALYSIS = YES;
				CLANG_WARN_STRICT_PROTOTYPES = YES;
				CLANG_WARN_SUSPICIOUS_MOVE = YES;
				CLANG_WARN_UNGUARDED_AVAILABILITY = YES_AGGRESSIVE;
				CLANG_WARN_UNREACHABLE_CODE = YES;
				CLANG_WARN__DUPLICATE_METHOD_MATCH = YES;
				CODE_SIGN_IDENTITY = "iPhone Developer";
				COPY_PHASE_STRIP = NO;
				DEBUG_INFORMATION_FORMAT = "dwarf-with-dsym";
				ENABLE_NS_ASSERTIONS = NO;
				ENABLE_STRICT_OBJC_MSGSEND = YES;
				GCC_C_LANGUAGE_STANDARD = gnu11;
				GCC_NO_COMMON_BLOCKS = YES;
				GCC_WARN_64_TO_32_BIT_CONVERSION = YES;
				GCC_WARN_ABOUT_RETURN_TYPE = YES_ERROR;
				GCC_WARN_UNDECLARED_SELECTOR = YES;
				GCC_WARN_UNINITIALIZED_AUTOS = YES_AGGRESSIVE;
				GCC_WARN_UNUSED_FUNCTION = YES;
				GCC_WARN_UNUSED_VARIABLE = YES;
				IPHONEOS_DEPLOYMENT_TARGET = 11.2;
				MTL_ENABLE_DEBUG_INFO = NO;
				SDKROOT = iphoneos;
				SWIFT_OPTIMIZATION_LEVEL = "-Owholemodule";
				VALIDATE_PRODUCT = YES;
			};
			name = Release;
		};
		694DD0E52443403200B682A1 /* Debug */ = {
			isa = XCBuildConfiguration;
			buildSettings = {
				ASSETCATALOG_COMPILER_APPICON_NAME = AppIcon;
				CODE_SIGN_STYLE = Automatic;
				DEVELOPMENT_TEAM = F8VMZR4345;
				FRAMEWORK_SEARCH_PATHS = (
					"$(inherited)",
					"$(PROJECT_DIR)/Carthage/Build/iOS",
				);
				INFOPLIST_FILE = MyBMIApp/Info.plist;
				LD_RUNPATH_SEARCH_PATHS = "$(inherited) @executable_path/Frameworks";
				PRODUCT_BUNDLE_IDENTIFIER = hideki.sato.MyBMIApp;
				PRODUCT_NAME = "$(TARGET_NAME)";
				SWIFT_VERSION = 4.0;
				TARGETED_DEVICE_FAMILY = "1,2";
			};
			name = Debug;
		};
		694DD0E62443403200B682A1 /* Release */ = {
			isa = XCBuildConfiguration;
			buildSettings = {
				ASSETCATALOG_COMPILER_APPICON_NAME = AppIcon;
				CODE_SIGN_STYLE = Automatic;
				DEVELOPMENT_TEAM = F8VMZR4345;
				FRAMEWORK_SEARCH_PATHS = (
					"$(inherited)",
					"$(PROJECT_DIR)/Carthage/Build/iOS",
				);
				INFOPLIST_FILE = MyBMIApp/Info.plist;
				LD_RUNPATH_SEARCH_PATHS = "$(inherited) @executable_path/Frameworks";
				PRODUCT_BUNDLE_IDENTIFIER = hideki.sato.MyBMIApp;
				PRODUCT_NAME = "$(TARGET_NAME)";
				SWIFT_VERSION = 4.0;
				TARGETED_DEVICE_FAMILY = "1,2";
			};
			name = Release;
		};
		694DD0E82443403200B682A1 /* Debug */ = {
			isa = XCBuildConfiguration;
			buildSettings = {
				ALWAYS_EMBED_SWIFT_STANDARD_LIBRARIES = YES;
				BUNDLE_LOADER = "$(TEST_HOST)";
				CODE_SIGN_STYLE = Automatic;
				DEVELOPMENT_TEAM = F8VMZR4345;
				INFOPLIST_FILE = MyBMIAppTests/Info.plist;
				LD_RUNPATH_SEARCH_PATHS = "$(inherited) @executable_path/Frameworks @loader_path/Frameworks";
				PRODUCT_BUNDLE_IDENTIFIER = hideki.sato.MyBMIAppTests;
				PRODUCT_NAME = "$(TARGET_NAME)";
				SWIFT_VERSION = 4.0;
				TARGETED_DEVICE_FAMILY = "1,2";
				TEST_HOST = "$(BUILT_PRODUCTS_DIR)/MyBMIApp.app/MyBMIApp";
			};
			name = Debug;
		};
		694DD0E92443403200B682A1 /* Release */ = {
			isa = XCBuildConfiguration;
			buildSettings = {
				ALWAYS_EMBED_SWIFT_STANDARD_LIBRARIES = YES;
				BUNDLE_LOADER = "$(TEST_HOST)";
				CODE_SIGN_STYLE = Automatic;
				DEVELOPMENT_TEAM = F8VMZR4345;
				INFOPLIST_FILE = MyBMIAppTests/Info.plist;
				LD_RUNPATH_SEARCH_PATHS = "$(inherited) @executable_path/Frameworks @loader_path/Frameworks";
				PRODUCT_BUNDLE_IDENTIFIER = hideki.sato.MyBMIAppTests;
				PRODUCT_NAME = "$(TARGET_NAME)";
				SWIFT_VERSION = 4.0;
				TARGETED_DEVICE_FAMILY = "1,2";
				TEST_HOST = "$(BUILT_PRODUCTS_DIR)/MyBMIApp.app/MyBMIApp";
			};
			name = Release;
		};
		694DD0EB2443403200B682A1 /* Debug */ = {
			isa = XCBuildConfiguration;
			buildSettings = {
				ALWAYS_EMBED_SWIFT_STANDARD_LIBRARIES = YES;
				CODE_SIGN_STYLE = Automatic;
				DEVELOPMENT_TEAM = F8VMZR4345;
				INFOPLIST_FILE = MyBMIAppUITests/Info.plist;
				LD_RUNPATH_SEARCH_PATHS = "$(inherited) @executable_path/Frameworks @loader_path/Frameworks";
				PRODUCT_BUNDLE_IDENTIFIER = hideki.sato.MyBMIAppUITests;
				PRODUCT_NAME = "$(TARGET_NAME)";
				SWIFT_VERSION = 4.0;
				TARGETED_DEVICE_FAMILY = "1,2";
				TEST_TARGET_NAME = MyBMIApp;
			};
			name = Debug;
		};
		694DD0EC2443403200B682A1 /* Release */ = {
			isa = XCBuildConfiguration;
			buildSettings = {
				ALWAYS_EMBED_SWIFT_STANDARD_LIBRARIES = YES;
				CODE_SIGN_STYLE = Automatic;
				DEVELOPMENT_TEAM = F8VMZR4345;
				INFOPLIST_FILE = MyBMIAppUITests/Info.plist;
				LD_RUNPATH_SEARCH_PATHS = "$(inherited) @executable_path/Frameworks @loader_path/Frameworks";
				PRODUCT_BUNDLE_IDENTIFIER = hideki.sato.MyBMIAppUITests;
				PRODUCT_NAME = "$(TARGET_NAME)";
				SWIFT_VERSION = 4.0;
				TARGETED_DEVICE_FAMILY = "1,2";
				TEST_TARGET_NAME = MyBMIApp;
			};
			name = Release;
		};
/* End XCBuildConfiguration section */

/* Begin XCConfigurationList section */
		694DD0B72443403100B682A1 /* Build configuration list for PBXProject "MyBMIApp" */ = {
			isa = XCConfigurationList;
			buildConfigurations = (
				694DD0E22443403200B682A1 /* Debug */,
				694DD0E32443403200B682A1 /* Release */,
			);
			defaultConfigurationIsVisible = 0;
			defaultConfigurationName = Release;
		};
		694DD0E42443403200B682A1 /* Build configuration list for PBXNativeTarget "MyBMIApp" */ = {
			isa = XCConfigurationList;
			buildConfigurations = (
				694DD0E52443403200B682A1 /* Debug */,
				694DD0E62443403200B682A1 /* Release */,
			);
			defaultConfigurationIsVisible = 0;
			defaultConfigurationName = Release;
		};
		694DD0E72443403200B682A1 /* Build configuration list for PBXNativeTarget "MyBMIAppTests" */ = {
			isa = XCConfigurationList;
			buildConfigurations = (
				694DD0E82443403200B682A1 /* Debug */,
				694DD0E92443403200B682A1 /* Release */,
			);
			defaultConfigurationIsVisible = 0;
			defaultConfigurationName = Release;
		};
		694DD0EA2443403200B682A1 /* Build configuration list for PBXNativeTarget "MyBMIAppUITests" */ = {
			isa = XCConfigurationList;
			buildConfigurations = (
				694DD0EB2443403200B682A1 /* Debug */,
				694DD0EC2443403200B682A1 /* Release */,
			);
			defaultConfigurationIsVisible = 0;
			defaultConfigurationName = Release;
		};
/* End XCConfigurationList section */
	};
	rootObject = 694DD0B42443403100B682A1 /* Project object */;
}
